// !$*UTF8*$!
{
	archiveVersion = 1;
	classes = {
	};
	objectVersion = 50;
	objects = {

/* Begin PBXBuildFile section */
		F0CF4DFD269D9B4A00241301 /* tipsCalculator WatchKit App.app in Embed Watch Content */ = {isa = PBXBuildFile; fileRef = F0CF4DFC269D9B4A00241301 /* tipsCalculator WatchKit App.app */; settings = {ATTRIBUTES = (RemoveHeadersOnCopy, ); }; };
		F0CF4E03269D9B4A00241301 /* Interface.storyboard in Resources */ = {isa = PBXBuildFile; fileRef = F0CF4E01269D9B4A00241301 /* Interface.storyboard */; };
		F0CF4E05269D9B4C00241301 /* Assets.xcassets in Resources */ = {isa = PBXBuildFile; fileRef = F0CF4E04269D9B4C00241301 /* Assets.xcassets */; };
		F0CF4E0C269D9B4C00241301 /* tipsCalculator WatchKit Extension.appex in Embed App Extensions */ = {isa = PBXBuildFile; fileRef = F0CF4E0B269D9B4C00241301 /* tipsCalculator WatchKit Extension.appex */; settings = {ATTRIBUTES = (RemoveHeadersOnCopy, ); }; };
		F0CF4E11269D9B4C00241301 /* InterfaceController.swift in Sources */ = {isa = PBXBuildFile; fileRef = F0CF4E10269D9B4C00241301 /* InterfaceController.swift */; };
		F0CF4E13269D9B4C00241301 /* ExtensionDelegate.swift in Sources */ = {isa = PBXBuildFile; fileRef = F0CF4E12269D9B4C00241301 /* ExtensionDelegate.swift */; };
		F0CF4E15269D9B4C00241301 /* NotificationController.swift in Sources */ = {isa = PBXBuildFile; fileRef = F0CF4E14269D9B4C00241301 /* NotificationController.swift */; };
		F0CF4E17269D9B4C00241301 /* ComplicationController.swift in Sources */ = {isa = PBXBuildFile; fileRef = F0CF4E16269D9B4C00241301 /* ComplicationController.swift */; };
		F0CF4E19269D9B4D00241301 /* Assets.xcassets in Resources */ = {isa = PBXBuildFile; fileRef = F0CF4E18269D9B4D00241301 /* Assets.xcassets */; };
/* End PBXBuildFile section */

/* Begin PBXContainerItemProxy section */
		F0CF4DFE269D9B4A00241301 /* PBXContainerItemProxy */ = {
			isa = PBXContainerItemProxy;
			containerPortal = F0CF4DF2269D9B4A00241301 /* Project object */;
			proxyType = 1;
			remoteGlobalIDString = F0CF4DFB269D9B4A00241301;
			remoteInfo = "tipsCalculator WatchKit App";
		};
		F0CF4E0D269D9B4C00241301 /* PBXContainerItemProxy */ = {
			isa = PBXContainerItemProxy;
			containerPortal = F0CF4DF2269D9B4A00241301 /* Project object */;
			proxyType = 1;
			remoteGlobalIDString = F0CF4E0A269D9B4C00241301;
			remoteInfo = "tipsCalculator WatchKit Extension";
		};
/* End PBXContainerItemProxy section */

/* Begin PBXCopyFilesBuildPhase section */
		F0CF4E21269D9B4D00241301 /* Embed App Extensions */ = {
			isa = PBXCopyFilesBuildPhase;
			buildActionMask = 2147483647;
			dstPath = "";
			dstSubfolderSpec = 13;
			files = (
				F0CF4E0C269D9B4C00241301 /* tipsCalculator WatchKit Extension.appex in Embed App Extensions */,
			);
			name = "Embed App Extensions";
			runOnlyForDeploymentPostprocessing = 0;
		};
		F0CF4E25269D9B4D00241301 /* Embed Watch Content */ = {
			isa = PBXCopyFilesBuildPhase;
			buildActionMask = 2147483647;
			dstPath = "$(CONTENTS_FOLDER_PATH)/Watch";
			dstSubfolderSpec = 16;
			files = (
				F0CF4DFD269D9B4A00241301 /* tipsCalculator WatchKit App.app in Embed Watch Content */,
			);
			name = "Embed Watch Content";
			runOnlyForDeploymentPostprocessing = 0;
		};
/* End PBXCopyFilesBuildPhase section */

/* Begin PBXFileReference section */
		F0CF4DF8269D9B4A00241301 /* tipsCalculator.app */ = {isa = PBXFileReference; explicitFileType = wrapper.application; includeInIndex = 0; path = tipsCalculator.app; sourceTree = BUILT_PRODUCTS_DIR; };
		F0CF4DFC269D9B4A00241301 /* tipsCalculator WatchKit App.app */ = {isa = PBXFileReference; explicitFileType = wrapper.application; includeInIndex = 0; path = "tipsCalculator WatchKit App.app"; sourceTree = BUILT_PRODUCTS_DIR; };
		F0CF4E02269D9B4A00241301 /* Base */ = {isa = PBXFileReference; lastKnownFileType = file.storyboard; name = Base; path = Base.lproj/Interface.storyboard; sourceTree = "<group>"; };
		F0CF4E04269D9B4C00241301 /* Assets.xcassets */ = {isa = PBXFileReference; lastKnownFileType = folder.assetcatalog; path = Assets.xcassets; sourceTree = "<group>"; };
		F0CF4E06269D9B4C00241301 /* Info.plist */ = {isa = PBXFileReference; lastKnownFileType = text.plist.xml; path = Info.plist; sourceTree = "<group>"; };
		F0CF4E0B269D9B4C00241301 /* tipsCalculator WatchKit Extension.appex */ = {isa = PBXFileReference; explicitFileType = "wrapper.app-extension"; includeInIndex = 0; path = "tipsCalculator WatchKit Extension.appex"; sourceTree = BUILT_PRODUCTS_DIR; };
		F0CF4E10269D9B4C00241301 /* InterfaceController.swift */ = {isa = PBXFileReference; lastKnownFileType = sourcecode.swift; path = InterfaceController.swift; sourceTree = "<group>"; };
		F0CF4E12269D9B4C00241301 /* ExtensionDelegate.swift */ = {isa = PBXFileReference; lastKnownFileType = sourcecode.swift; path = ExtensionDelegate.swift; sourceTree = "<group>"; };
		F0CF4E14269D9B4C00241301 /* NotificationController.swift */ = {isa = PBXFileReference; lastKnownFileType = sourcecode.swift; path = NotificationController.swift; sourceTree = "<group>"; };
		F0CF4E16269D9B4C00241301 /* ComplicationController.swift */ = {isa = PBXFileReference; lastKnownFileType = sourcecode.swift; path = ComplicationController.swift; sourceTree = "<group>"; };
		F0CF4E18269D9B4D00241301 /* Assets.xcassets */ = {isa = PBXFileReference; lastKnownFileType = folder.assetcatalog; path = Assets.xcassets; sourceTree = "<group>"; };
		F0CF4E1A269D9B4D00241301 /* Info.plist */ = {isa = PBXFileReference; lastKnownFileType = text.plist.xml; path = Info.plist; sourceTree = "<group>"; };
		F0CF4E1B269D9B4D00241301 /* PushNotificationPayload.apns */ = {isa = PBXFileReference; lastKnownFileType = text; path = PushNotificationPayload.apns; sourceTree = "<group>"; };
/* End PBXFileReference section */

/* Begin PBXFrameworksBuildPhase section */
		F0CF4E08269D9B4C00241301 /* Frameworks */ = {
			isa = PBXFrameworksBuildPhase;
			buildActionMask = 2147483647;
			files = (
			);
			runOnlyForDeploymentPostprocessing = 0;
		};
/* End PBXFrameworksBuildPhase section */

/* Begin PBXGroup section */
		F0CF4DF1269D9B4A00241301 = {
			isa = PBXGroup;
			children = (
				F0CF4E00269D9B4A00241301 /* tipsCalculator WatchKit App */,
				F0CF4E0F269D9B4C00241301 /* tipsCalculator WatchKit Extension */,
				F0CF4DF9269D9B4A00241301 /* Products */,
			);
			sourceTree = "<group>";
		};
		F0CF4DF9269D9B4A00241301 /* Products */ = {
			isa = PBXGroup;
			children = (
				F0CF4DF8269D9B4A00241301 /* tipsCalculator.app */,
				F0CF4DFC269D9B4A00241301 /* tipsCalculator WatchKit App.app */,
				F0CF4E0B269D9B4C00241301 /* tipsCalculator WatchKit Extension.appex */,
			);
			name = Products;
			sourceTree = "<group>";
		};
		F0CF4E00269D9B4A00241301 /* tipsCalculator WatchKit App */ = {
			isa = PBXGroup;
			children = (
				F0CF4E01269D9B4A00241301 /* Interface.storyboard */,
				F0CF4E04269D9B4C00241301 /* Assets.xcassets */,
				F0CF4E06269D9B4C00241301 /* Info.plist */,
			);
			path = "tipsCalculator WatchKit App";
			sourceTree = "<group>";
		};
		F0CF4E0F269D9B4C00241301 /* tipsCalculator WatchKit Extension */ = {
			isa = PBXGroup;
			children = (
				F0CF4E10269D9B4C00241301 /* InterfaceController.swift */,
				F0CF4E12269D9B4C00241301 /* ExtensionDelegate.swift */,
				F0CF4E14269D9B4C00241301 /* NotificationController.swift */,
				F0CF4E16269D9B4C00241301 /* ComplicationController.swift */,
				F0CF4E18269D9B4D00241301 /* Assets.xcassets */,
				F0CF4E1A269D9B4D00241301 /* Info.plist */,
				F0CF4E1B269D9B4D00241301 /* PushNotificationPayload.apns */,
			);
			path = "tipsCalculator WatchKit Extension";
			sourceTree = "<group>";
		};
/* End PBXGroup section */

/* Begin PBXNativeTarget section */
		F0CF4DF7269D9B4A00241301 /* tipsCalculator */ = {
			isa = PBXNativeTarget;
			buildConfigurationList = F0CF4E26269D9B4D00241301 /* Build configuration list for PBXNativeTarget "tipsCalculator" */;
			buildPhases = (
				F0CF4DF6269D9B4A00241301 /* Resources */,
				F0CF4E25269D9B4D00241301 /* Embed Watch Content */,
			);
			buildRules = (
			);
			dependencies = (
				F0CF4DFF269D9B4A00241301 /* PBXTargetDependency */,
			);
			name = tipsCalculator;
			productName = tipsCalculator;
			productReference = F0CF4DF8269D9B4A00241301 /* tipsCalculator.app */;
			productType = "com.apple.product-type.application.watchapp2-container";
		};
		F0CF4DFB269D9B4A00241301 /* tipsCalculator WatchKit App */ = {
			isa = PBXNativeTarget;
			buildConfigurationList = F0CF4E22269D9B4D00241301 /* Build configuration list for PBXNativeTarget "tipsCalculator WatchKit App" */;
			buildPhases = (
				F0CF4DFA269D9B4A00241301 /* Resources */,
				F0CF4E21269D9B4D00241301 /* Embed App Extensions */,
			);
			buildRules = (
			);
			dependencies = (
				F0CF4E0E269D9B4C00241301 /* PBXTargetDependency */,
			);
			name = "tipsCalculator WatchKit App";
			productName = "tipsCalculator WatchKit App";
			productReference = F0CF4DFC269D9B4A00241301 /* tipsCalculator WatchKit App.app */;
			productType = "com.apple.product-type.application.watchapp2";
		};
		F0CF4E0A269D9B4C00241301 /* tipsCalculator WatchKit Extension */ = {
			isa = PBXNativeTarget;
			buildConfigurationList = F0CF4E1E269D9B4D00241301 /* Build configuration list for PBXNativeTarget "tipsCalculator WatchKit Extension" */;
			buildPhases = (
				F0CF4E07269D9B4C00241301 /* Sources */,
				F0CF4E08269D9B4C00241301 /* Frameworks */,
				F0CF4E09269D9B4C00241301 /* Resources */,
			);
			buildRules = (
			);
			dependencies = (
			);
			name = "tipsCalculator WatchKit Extension";
			productName = "tipsCalculator WatchKit Extension";
			productReference = F0CF4E0B269D9B4C00241301 /* tipsCalculator WatchKit Extension.appex */;
			productType = "com.apple.product-type.watchkit2-extension";
		};
/* End PBXNativeTarget section */

/* Begin PBXProject section */
		F0CF4DF2269D9B4A00241301 /* Project object */ = {
			isa = PBXProject;
			attributes = {
				LastSwiftUpdateCheck = 1200;
				LastUpgradeCheck = 1200;
				TargetAttributes = {
					F0CF4DF7269D9B4A00241301 = {
						CreatedOnToolsVersion = 12.0.1;
					};
					F0CF4DFB269D9B4A00241301 = {
						CreatedOnToolsVersion = 12.0.1;
					};
					F0CF4E0A269D9B4C00241301 = {
						CreatedOnToolsVersion = 12.0.1;
					};
				};
			};
			buildConfigurationList = F0CF4DF5269D9B4A00241301 /* Build configuration list for PBXProject "tipsCalculator" */;
			compatibilityVersion = "Xcode 9.3";
			developmentRegion = en;
			hasScannedForEncodings = 0;
			knownRegions = (
				en,
				Base,
			);
			mainGroup = F0CF4DF1269D9B4A00241301;
			productRefGroup = F0CF4DF9269D9B4A00241301 /* Products */;
			projectDirPath = "";
			projectRoot = "";
			targets = (
				F0CF4DF7269D9B4A00241301 /* tipsCalculator */,
				F0CF4DFB269D9B4A00241301 /* tipsCalculator WatchKit App */,
				F0CF4E0A269D9B4C00241301 /* tipsCalculator WatchKit Extension */,
			);
		};
/* End PBXProject section */

/* Begin PBXResourcesBuildPhase section */
		F0CF4DF6269D9B4A00241301 /* Resources */ = {
			isa = PBXResourcesBuildPhase;
			buildActionMask = 2147483647;
			files = (
			);
			runOnlyForDeploymentPostprocessing = 0;
		};
		F0CF4DFA269D9B4A00241301 /* Resources */ = {
			isa = PBXResourcesBuildPhase;
			buildActionMask = 2147483647;
			files = (
				F0CF4E05269D9B4C00241301 /* Assets.xcassets in Resources */,
				F0CF4E03269D9B4A00241301 /* Interface.storyboard in Resources */,
			);
			runOnlyForDeploymentPostprocessing = 0;
		};
		F0CF4E09269D9B4C00241301 /* Resources */ = {
			isa = PBXResourcesBuildPhase;
			buildActionMask = 2147483647;
			files = (
				F0CF4E19269D9B4D00241301 /* Assets.xcassets in Resources */,
			);
			runOnlyForDeploymentPostprocessing = 0;
		};
/* End PBXResourcesBuildPhase section */

/* Begin PBXSourcesBuildPhase section */
		F0CF4E07269D9B4C00241301 /* Sources */ = {
			isa = PBXSourcesBuildPhase;
			buildActionMask = 2147483647;
			files = (
				F0CF4E15269D9B4C00241301 /* NotificationController.swift in Sources */,
				F0CF4E17269D9B4C00241301 /* ComplicationController.swift in Sources */,
				F0CF4E13269D9B4C00241301 /* ExtensionDelegate.swift in Sources */,
				F0CF4E11269D9B4C00241301 /* InterfaceController.swift in Sources */,
			);
			runOnlyForDeploymentPostprocessing = 0;
		};
/* End PBXSourcesBuildPhase section */

/* Begin PBXTargetDependency section */
		F0CF4DFF269D9B4A00241301 /* PBXTargetDependency */ = {
			isa = PBXTargetDependency;
			target = F0CF4DFB269D9B4A00241301 /* tipsCalculator WatchKit App */;
			targetProxy = F0CF4DFE269D9B4A00241301 /* PBXContainerItemProxy */;
		};
		F0CF4E0E269D9B4C00241301 /* PBXTargetDependency */ = {
			isa = PBXTargetDependency;
			target = F0CF4E0A269D9B4C00241301 /* tipsCalculator WatchKit Extension */;
			targetProxy = F0CF4E0D269D9B4C00241301 /* PBXContainerItemProxy */;
		};
/* End PBXTargetDependency section */

/* Begin PBXVariantGroup section */
		F0CF4E01269D9B4A00241301 /* Interface.storyboard */ = {
			isa = PBXVariantGroup;
			children = (
				F0CF4E02269D9B4A00241301 /* Base */,
			);
			name = Interface.storyboard;
			sourceTree = "<group>";
		};
/* End PBXVariantGroup section */

/* Begin XCBuildConfiguration section */
		F0CF4E1C269D9B4D00241301 /* Debug */ = {
			isa = XCBuildConfiguration;
			buildSettings = {
				ALWAYS_SEARCH_USER_PATHS = NO;
				CLANG_ANALYZER_NONNULL = YES;
				CLANG_ANALYZER_NUMBER_OBJECT_CONVERSION = YES_AGGRESSIVE;
				CLANG_CXX_LANGUAGE_STANDARD = "gnu++14";
				CLANG_CXX_LIBRARY = "libc++";
				CLANG_ENABLE_MODULES = YES;
				CLANG_ENABLE_OBJC_ARC = YES;
				CLANG_ENABLE_OBJC_WEAK = YES;
				CLANG_WARN_BLOCK_CAPTURE_AUTORELEASING = YES;
				CLANG_WARN_BOOL_CONVERSION = YES;
				CLANG_WARN_COMMA = YES;
				CLANG_WARN_CONSTANT_CONVERSION = YES;
				CLANG_WARN_DEPRECATED_OBJC_IMPLEMENTATIONS = YES;
				CLANG_WARN_DIRECT_OBJC_ISA_USAGE = YES_ERROR;
				CLANG_WARN_DOCUMENTATION_COMMENTS = YES;
				CLANG_WARN_EMPTY_BODY = YES;
				CLANG_WARN_ENUM_CONVERSION = YES;
				CLANG_WARN_INFINITE_RECURSION = YES;
				CLANG_WARN_INT_CONVERSION = YES;
				CLANG_WARN_NON_LITERAL_NULL_CONVERSION = YES;
				CLANG_WARN_OBJC_IMPLICIT_RETAIN_SELF = YES;
				CLANG_WARN_OBJC_LITERAL_CONVERSION = YES;
				CLANG_WARN_OBJC_ROOT_CLASS = YES_ERROR;
				CLANG_WARN_QUOTED_INCLUDE_IN_FRAMEWORK_HEADER = YES;
				CLANG_WARN_RANGE_LOOP_ANALYSIS = YES;
				CLANG_WARN_STRICT_PROTOTYPES = YES;
				CLANG_WARN_SUSPICIOUS_MOVE = YES;
				CLANG_WARN_UNGUARDED_AVAILABILITY = YES_AGGRESSIVE;
				CLANG_WARN_UNREACHABLE_CODE = YES;
				CLANG_WARN__DUPLICATE_METHOD_MATCH = YES;
				COPY_PHASE_STRIP = NO;
				DEBUG_INFORMATION_FORMAT = dwarf;
				ENABLE_STRICT_OBJC_MSGSEND = YES;
				ENABLE_TESTABILITY = YES;
				GCC_C_LANGUAGE_STANDARD = gnu11;
				GCC_DYNAMIC_NO_PIC = NO;
				GCC_NO_COMMON_BLOCKS = YES;
				GCC_OPTIMIZATION_LEVEL = 0;
				GCC_PREPROCESSOR_DEFINITIONS = (
					"DEBUG=1",
					"$(inherited)",
				);
				GCC_WARN_64_TO_32_BIT_CONVERSION = YES;
				GCC_WARN_ABOUT_RETURN_TYPE = YES_ERROR;
				GCC_WARN_UNDECLARED_SELECTOR = YES;
				GCC_WARN_UNINITIALIZED_AUTOS = YES_AGGRESSIVE;
				GCC_WARN_UNUSED_FUNCTION = YES;
				GCC_WARN_UNUSED_VARIABLE = YES;
				MTL_ENABLE_DEBUG_INFO = INCLUDE_SOURCE;
				MTL_FAST_MATH = YES;
				ONLY_ACTIVE_ARCH = YES;
				SDKROOT = iphoneos;
				SWIFT_ACTIVE_COMPILATION_CONDITIONS = DEBUG;
				SWIFT_OPTIMIZATION_LEVEL = "-Onone";
			};
			name = Debug;
		};
		F0CF4E1D269D9B4D00241301 /* Release */ = {
			isa = XCBuildConfiguration;
			buildSettings = {
				ALWAYS_SEARCH_USER_PATHS = NO;
				CLANG_ANALYZER_NONNULL = YES;
				CLANG_ANALYZER_NUMBER_OBJECT_CONVERSION = YES_AGGRESSIVE;
				CLANG_CXX_LANGUAGE_STANDARD = "gnu++14";
				CLANG_CXX_LIBRARY = "libc++";
				CLANG_ENABLE_MODULES = YES;
				CLANG_ENABLE_OBJC_ARC = YES;
				CLANG_ENABLE_OBJC_WEAK = YES;
				CLANG_WARN_BLOCK_CAPTURE_AUTORELEASING = YES;
				CLANG_WARN_BOOL_CONVERSION = YES;
				CLANG_WARN_COMMA = YES;
				CLANG_WARN_CONSTANT_CONVERSION = YES;
				CLANG_WARN_DEPRECATED_OBJC_IMPLEMENTATIONS = YES;
				CLANG_WARN_DIRECT_OBJC_ISA_USAGE = YES_ERROR;
				CLANG_WARN_DOCUMENTATION_COMMENTS = YES;
				CLANG_WARN_EMPTY_BODY = YES;
				CLANG_WARN_ENUM_CONVERSION = YES;
				CLANG_WARN_INFINITE_RECURSION = YES;
				CLANG_WARN_INT_CONVERSION = YES;
				CLANG_WARN_NON_LITERAL_NULL_CONVERSION = YES;
				CLANG_WARN_OBJC_IMPLICIT_RETAIN_SELF = YES;
				CLANG_WARN_OBJC_LITERAL_CONVERSION = YES;
				CLANG_WARN_OBJC_ROOT_CLASS = YES_ERROR;
				CLANG_WARN_QUOTED_INCLUDE_IN_FRAMEWORK_HEADER = YES;
				CLANG_WARN_RANGE_LOOP_ANALYSIS = YES;
				CLANG_WARN_STRICT_PROTOTYPES = YES;
				CLANG_WARN_SUSPICIOUS_MOVE = YES;
				CLANG_WARN_UNGUARDED_AVAILABILITY = YES_AGGRESSIVE;
				CLANG_WARN_UNREACHABLE_CODE = YES;
				CLANG_WARN__DUPLICATE_METHOD_MATCH = YES;
				COPY_PHASE_STRIP = NO;
				DEBUG_INFORMATION_FORMAT = "dwarf-with-dsym";
				ENABLE_NS_ASSERTIONS = NO;
				ENABLE_STRICT_OBJC_MSGSEND = YES;
				GCC_C_LANGUAGE_STANDARD = gnu11;
				GCC_NO_COMMON_BLOCKS = YES;
				GCC_WARN_64_TO_32_BIT_CONVERSION = YES;
				GCC_WARN_ABOUT_RETURN_TYPE = YES_ERROR;
				GCC_WARN_UNDECLARED_SELECTOR = YES;
				GCC_WARN_UNINITIALIZED_AUTOS = YES_AGGRESSIVE;
				GCC_WARN_UNUSED_FUNCTION = YES;
				GCC_WARN_UNUSED_VARIABLE = YES;
				MTL_ENABLE_DEBUG_INFO = NO;
				MTL_FAST_MATH = YES;
				SDKROOT = iphoneos;
				SWIFT_COMPILATION_MODE = wholemodule;
				SWIFT_OPTIMIZATION_LEVEL = "-O";
				VALIDATE_PRODUCT = YES;
			};
			name = Release;
		};
		F0CF4E1F269D9B4D00241301 /* Debug */ = {
			isa = XCBuildConfiguration;
			buildSettings = {
				ASSETCATALOG_COMPILER_COMPLICATION_NAME = Complication;
				CODE_SIGN_STYLE = Automatic;
				INFOPLIST_FILE = "tipsCalculator WatchKit Extension/Info.plist";
				LD_RUNPATH_SEARCH_PATHS = (
					"$(inherited)",
					"@executable_path/Frameworks",
					"@executable_path/../../Frameworks",
				);
				PRODUCT_BUNDLE_IDENTIFIER = com.praveenKumar.tipsCalculator.watchkitapp.watchkitextension;
				PRODUCT_NAME = "${TARGET_NAME}";
				SDKROOT = watchos;
				SKIP_INSTALL = YES;
				SWIFT_VERSION = 5.0;
				TARGETED_DEVICE_FAMILY = 4;
				WATCHOS_DEPLOYMENT_TARGET = 7.0;
			};
			name = Debug;
		};
		F0CF4E20269D9B4D00241301 /* Release */ = {
			isa = XCBuildConfiguration;
			buildSettings = {
				ASSETCATALOG_COMPILER_COMPLICATION_NAME = Complication;
				CODE_SIGN_STYLE = Automatic;
				INFOPLIST_FILE = "tipsCalculator WatchKit Extension/Info.plist";
				LD_RUNPATH_SEARCH_PATHS = (
					"$(inherited)",
					"@executable_path/Frameworks",
					"@executable_path/../../Frameworks",
				);
				PRODUCT_BUNDLE_IDENTIFIER = com.praveenKumar.tipsCalculator.watchkitapp.watchkitextension;
				PRODUCT_NAME = "${TARGET_NAME}";
				SDKROOT = watchos;
				SKIP_INSTALL = YES;
				SWIFT_VERSION = 5.0;
				TARGETED_DEVICE_FAMILY = 4;
				WATCHOS_DEPLOYMENT_TARGET = 7.0;
			};
			name = Release;
		};
		F0CF4E23269D9B4D00241301 /* Debug */ = {
			isa = XCBuildConfiguration;
			buildSettings = {
				ALWAYS_EMBED_SWIFT_STANDARD_LIBRARIES = YES;
				ASSETCATALOG_COMPILER_APPICON_NAME = AppIcon;
				ASSETCATALOG_COMPILER_GLOBAL_ACCENT_COLOR_NAME = AccentColor;
				CODE_SIGN_STYLE = Automatic;
				IBSC_MODULE = tipsCalculator_WatchKit_Extension;
				INFOPLIST_FILE = "tipsCalculator WatchKit App/Info.plist";
				PRODUCT_BUNDLE_IDENTIFIER = com.praveenKumar.tipsCalculator.watchkitapp;
				PRODUCT_NAME = "$(TARGET_NAME)";
				SDKROOT = watchos;
				SKIP_INSTALL = YES;
				SWIFT_VERSION = 5.0;
				TARGETED_DEVICE_FAMILY = 4;
				WATCHOS_DEPLOYMENT_TARGET = 7.0;
			};
			name = Debug;
		};
		F0CF4E24269D9B4D00241301 /* Release */ = {
			isa = XCBuildConfiguration;
			buildSettings = {
				ALWAYS_EMBED_SWIFT_STANDARD_LIBRARIES = YES;
				ASSETCATALOG_COMPILER_APPICON_NAME = AppIcon;
				ASSETCATALOG_COMPILER_GLOBAL_ACCENT_COLOR_NAME = AccentColor;
				CODE_SIGN_STYLE = Automatic;
				IBSC_MODULE = tipsCalculator_WatchKit_Extension;
				INFOPLIST_FILE = "tipsCalculator WatchKit App/Info.plist";
				PRODUCT_BUNDLE_IDENTIFIER = com.praveenKumar.tipsCalculator.watchkitapp;
				PRODUCT_NAME = "$(TARGET_NAME)";
				SDKROOT = watchos;
				SKIP_INSTALL = YES;
				SWIFT_VERSION = 5.0;
				TARGETED_DEVICE_FAMILY = 4;
				WATCHOS_DEPLOYMENT_TARGET = 7.0;
			};
			name = Release;
		};
		F0CF4E27269D9B4D00241301 /* Debug */ = {
			isa = XCBuildConfiguration;
			buildSettings = {
				CODE_SIGN_STYLE = Automatic;
				CURRENT_PROJECT_VERSION = 1;
				MARKETING_VERSION = 1.0;
				PRODUCT_BUNDLE_IDENTIFIER = com.praveenKumar.tipsCalculator;
				PRODUCT_NAME = "$(TARGET_NAME)";
				SWIFT_VERSION = 5.0;
			};
			name = Debug;
		};
		F0CF4E28269D9B4D00241301 /* Release */ = {
			isa = XCBuildConfiguration;
			buildSettings = {
				CODE_SIGN_STYLE = Automatic;
				CURRENT_PROJECT_VERSION = 1;
				MARKETING_VERSION = 1.0;
				PRODUCT_BUNDLE_IDENTIFIER = com.praveenKumar.tipsCalculator;
				PRODUCT_NAME = "$(TARGET_NAME)";
				SWIFT_VERSION = 5.0;
			};
			name = Release;
		};
/* End XCBuildConfiguration section */

/* Begin XCConfigurationList section */
		F0CF4DF5269D9B4A00241301 /* Build configuration list for PBXProject "tipsCalculator" */ = {
			isa = XCConfigurationList;
			buildConfigurations = (
				F0CF4E1C269D9B4D00241301 /* Debug */,
				F0CF4E1D269D9B4D00241301 /* Release */,
			);
			defaultConfigurationIsVisible = 0;
			defaultConfigurationName = Release;
		};
		F0CF4E1E269D9B4D00241301 /* Build configuration list for PBXNativeTarget "tipsCalculator WatchKit Extension" */ = {
			isa = XCConfigurationList;
			buildConfigurations = (
				F0CF4E1F269D9B4D00241301 /* Debug */,
				F0CF4E20269D9B4D00241301 /* Release */,
			);
			defaultConfigurationIsVisible = 0;
			defaultConfigurationName = Release;
		};
		F0CF4E22269D9B4D00241301 /* Build configuration list for PBXNativeTarget "tipsCalculator WatchKit App" */ = {
			isa = XCConfigurationList;
			buildConfigurations = (
				F0CF4E23269D9B4D00241301 /* Debug */,
				F0CF4E24269D9B4D00241301 /* Release */,
			);
			defaultConfigurationIsVisible = 0;
			defaultConfigurationName = Release;
		};
		F0CF4E26269D9B4D00241301 /* Build configuration list for PBXNativeTarget "tipsCalculator" */ = {
			isa = XCConfigurationList;
			buildConfigurations = (
				F0CF4E27269D9B4D00241301 /* Debug */,
				F0CF4E28269D9B4D00241301 /* Release */,
			);
			defaultConfigurationIsVisible = 0;
			defaultConfigurationName = Release;
		};
/* End XCConfigurationList section */
	};
	rootObject = F0CF4DF2269D9B4A00241301 /* Project object */;
}
